
Microsoft Visual Studio Solution File, Format Version 12.00
# Visual Studio Version 17
VisualStudioVersion = 17.14.36616.10
MinimumVisualStudioVersion = 10.0.40219.1
Project("{2150E333-8FDC-42A3-9474-1A3956D46DE8}") = "Models", "Models", "{9DF70304-0A22-CE1E-AA12-D5904EE55694}"
	ProjectSection(SolutionItems) = preProject
		Models\Mappa_vettori.svg = Models\Mappa_vettori.svg
	EndProjectSection
EndProject
Project("{FAE04EC0-301F-11D3-BF4B-00C04F79EFBC}") = "CiociariaGuerraBot.ConsoleApp", "CiociariaGuerraBot.ConsoleApp\CiociariaGuerraBot.ConsoleApp.csproj", "{1E36A152-00FE-5278-D841-B11689CBC6AB}"
EndProject
Global
	GlobalSection(SolutionConfigurationPlatforms) = preSolution
		Debug|Any CPU = Debug|Any CPU
		Release|Any CPU = Release|Any CPU
	EndGlobalSection
	GlobalSection(ProjectConfigurationPlatforms) = postSolution
		{1E36A152-00FE-5278-D841-B11689CBC6AB}.Debug|Any CPU.ActiveCfg = Debug|Any CPU
		{1E36A152-00FE-5278-D841-B11689CBC6AB}.Debug|Any CPU.Build.0 = Debug|Any CPU
		{1E36A152-00FE-5278-D841-B11689CBC6AB}.Release|Any CPU.ActiveCfg = Release|Any CPU
		{1E36A152-00FE-5278-D841-B11689CBC6AB}.Release|Any CPU.Build.0 = Release|Any CPU
	EndGlobalSection
	GlobalSection(SolutionProperties) = preSolution
		HideSolutionNode = FALSE
	EndGlobalSection
	GlobalSection(ExtensibilityGlobals) = postSolution
		SolutionGuid = {2B6ECAA5-FABC-4B4B-8A0F-F089B24730D0}
	EndGlobalSection
EndGlobal
